
Microsoft Visual Studio Solution File, Format Version 12.00
# Visual Studio 2013
VisualStudioVersion = 12.0.30110.0
MinimumVisualStudioVersion = 10.0.40219.1
Project("{FAE04EC0-301F-11D3-BF4B-00C04F79EFBC}") = "ArmoLib", "ArmoLib\ArmoLib.csproj", "{6BA01B36-8EB3-4E44-8E8F-707B2FAC7DBA}"
EndProject
Project("{FAE04EC0-301F-11D3-BF4B-00C04F79EFBC}") = "HtmlDiff", "HtmlDiff\HtmlDiff.csproj", "{186B7471-867E-4AE8-9BD2-1DDA8BF76BC0}"
EndProject
Project("{FAE04EC0-301F-11D3-BF4B-00C04F79EFBC}") = "VariablesManager", "VariablesManager\VariablesManager.csproj", "{B90A0B9A-9B53-44AD-8DC0-D1F75245EA58}"
EndProject
Project("{FAE04EC0-301F-11D3-BF4B-00C04F79EFBC}") = "ResourceToResEnum", "ResourceToResEnum\ResourceToResEnum.csproj", "{AB0F3EDB-2D59-4C86-B909-11BA78E33EBE}"
EndProject
Project("{FAE04EC0-301F-11D3-BF4B-00C04F79EFBC}") = "DeviceSettingsParser", "DeviceSettingsParser\DeviceSettingsParser.csproj", "{9BAF5FAF-5868-481D-917D-F9BA67823245}"
EndProject
Project("{FAE04EC0-301F-11D3-BF4B-00C04F79EFBC}") = "GenerateTimexReferences", "GenerateTimexReferences\GenerateTimexReferences.csproj", "{F06DBE35-1ECE-4CA2-A13A-7120E7FA92F3}"
EndProject
Project("{FAE04EC0-301F-11D3-BF4B-00C04F79EFBC}") = "HaspClearClient", "DevelopserverClient\HaspClearClient.csproj", "{8D8A9CF6-6019-4651-BD37-4495783F1AD5}"
EndProject
Project("{FAE04EC0-301F-11D3-BF4B-00C04F79EFBC}") = "HaspClearService", "DevelopserverService\HaspClearService.csproj", "{1E6EA790-A449-4AC5-887A-BF1D10BCDB52}"
EndProject
Project("{FAE04EC0-301F-11D3-BF4B-00C04F79EFBC}") = "PullZKEmulation", "PullZKEmulation\PullZKEmulation.csproj", "{2763C545-8272-4336-A9C1-1B94534A8F1A}"
EndProject
Global
	GlobalSection(SolutionConfigurationPlatforms) = preSolution
		Debug|Any CPU = Debug|Any CPU
		Debug|Mixed Platforms = Debug|Mixed Platforms
		Debug|x64 = Debug|x64
		Debug|x86 = Debug|x86
		Release|Any CPU = Release|Any CPU
		Release|Mixed Platforms = Release|Mixed Platforms
		Release|x64 = Release|x64
		Release|x86 = Release|x86
	EndGlobalSection
	GlobalSection(ProjectConfigurationPlatforms) = postSolution
		{6BA01B36-8EB3-4E44-8E8F-707B2FAC7DBA}.Debug|Any CPU.ActiveCfg = Debug|Any CPU
		{6BA01B36-8EB3-4E44-8E8F-707B2FAC7DBA}.Debug|Any CPU.Build.0 = Debug|Any CPU
		{6BA01B36-8EB3-4E44-8E8F-707B2FAC7DBA}.Debug|Mixed Platforms.ActiveCfg = Debug|Any CPU
		{6BA01B36-8EB3-4E44-8E8F-707B2FAC7DBA}.Debug|Mixed Platforms.Build.0 = Debug|Any CPU
		{6BA01B36-8EB3-4E44-8E8F-707B2FAC7DBA}.Debug|x64.ActiveCfg = Debug|Any CPU
		{6BA01B36-8EB3-4E44-8E8F-707B2FAC7DBA}.Debug|x86.ActiveCfg = Debug|Any CPU
		{6BA01B36-8EB3-4E44-8E8F-707B2FAC7DBA}.Release|Any CPU.ActiveCfg = Release|Any CPU
		{6BA01B36-8EB3-4E44-8E8F-707B2FAC7DBA}.Release|Any CPU.Build.0 = Release|Any CPU
		{6BA01B36-8EB3-4E44-8E8F-707B2FAC7DBA}.Release|Mixed Platforms.ActiveCfg = Release|Any CPU
		{6BA01B36-8EB3-4E44-8E8F-707B2FAC7DBA}.Release|Mixed Platforms.Build.0 = Release|Any CPU
		{6BA01B36-8EB3-4E44-8E8F-707B2FAC7DBA}.Release|x64.ActiveCfg = Release|Any CPU
		{6BA01B36-8EB3-4E44-8E8F-707B2FAC7DBA}.Release|x86.ActiveCfg = Release|Any CPU
		{186B7471-867E-4AE8-9BD2-1DDA8BF76BC0}.Debug|Any CPU.ActiveCfg = Debug|Any CPU
		{186B7471-867E-4AE8-9BD2-1DDA8BF76BC0}.Debug|Any CPU.Build.0 = Debug|Any CPU
		{186B7471-867E-4AE8-9BD2-1DDA8BF76BC0}.Debug|Mixed Platforms.ActiveCfg = Debug|Any CPU
		{186B7471-867E-4AE8-9BD2-1DDA8BF76BC0}.Debug|Mixed Platforms.Build.0 = Debug|Any CPU
		{186B7471-867E-4AE8-9BD2-1DDA8BF76BC0}.Debug|x64.ActiveCfg = Debug|Any CPU
		{186B7471-867E-4AE8-9BD2-1DDA8BF76BC0}.Debug|x86.ActiveCfg = Debug|Any CPU
		{186B7471-867E-4AE8-9BD2-1DDA8BF76BC0}.Release|Any CPU.ActiveCfg = Release|Any CPU
		{186B7471-867E-4AE8-9BD2-1DDA8BF76BC0}.Release|Any CPU.Build.0 = Release|Any CPU
		{186B7471-867E-4AE8-9BD2-1DDA8BF76BC0}.Release|Mixed Platforms.ActiveCfg = Release|Any CPU
		{186B7471-867E-4AE8-9BD2-1DDA8BF76BC0}.Release|Mixed Platforms.Build.0 = Release|Any CPU
		{186B7471-867E-4AE8-9BD2-1DDA8BF76BC0}.Release|x64.ActiveCfg = Release|Any CPU
		{186B7471-867E-4AE8-9BD2-1DDA8BF76BC0}.Release|x86.ActiveCfg = Release|Any CPU
		{B90A0B9A-9B53-44AD-8DC0-D1F75245EA58}.Debug|Any CPU.ActiveCfg = Debug|Any CPU
		{B90A0B9A-9B53-44AD-8DC0-D1F75245EA58}.Debug|Any CPU.Build.0 = Debug|Any CPU
		{B90A0B9A-9B53-44AD-8DC0-D1F75245EA58}.Debug|Mixed Platforms.ActiveCfg = Debug|Any CPU
		{B90A0B9A-9B53-44AD-8DC0-D1F75245EA58}.Debug|Mixed Platforms.Build.0 = Debug|Any CPU
		{B90A0B9A-9B53-44AD-8DC0-D1F75245EA58}.Debug|x64.ActiveCfg = Debug|Any CPU
		{B90A0B9A-9B53-44AD-8DC0-D1F75245EA58}.Debug|x86.ActiveCfg = Debug|Any CPU
		{B90A0B9A-9B53-44AD-8DC0-D1F75245EA58}.Release|Any CPU.ActiveCfg = Release|Any CPU
		{B90A0B9A-9B53-44AD-8DC0-D1F75245EA58}.Release|Any CPU.Build.0 = Release|Any CPU
		{B90A0B9A-9B53-44AD-8DC0-D1F75245EA58}.Release|Mixed Platforms.ActiveCfg = Release|Any CPU
		{B90A0B9A-9B53-44AD-8DC0-D1F75245EA58}.Release|Mixed Platforms.Build.0 = Release|Any CPU
		{B90A0B9A-9B53-44AD-8DC0-D1F75245EA58}.Release|x64.ActiveCfg = Release|Any CPU
		{B90A0B9A-9B53-44AD-8DC0-D1F75245EA58}.Release|x86.ActiveCfg = Release|Any CPU
		{AB0F3EDB-2D59-4C86-B909-11BA78E33EBE}.Debug|Any CPU.ActiveCfg = Debug|Any CPU
		{AB0F3EDB-2D59-4C86-B909-11BA78E33EBE}.Debug|Any CPU.Build.0 = Debug|Any CPU
		{AB0F3EDB-2D59-4C86-B909-11BA78E33EBE}.Debug|Mixed Platforms.ActiveCfg = Debug|Any CPU
		{AB0F3EDB-2D59-4C86-B909-11BA78E33EBE}.Debug|Mixed Platforms.Build.0 = Debug|Any CPU
		{AB0F3EDB-2D59-4C86-B909-11BA78E33EBE}.Debug|x64.ActiveCfg = Debug|Any CPU
		{AB0F3EDB-2D59-4C86-B909-11BA78E33EBE}.Debug|x86.ActiveCfg = Debug|x86
		{AB0F3EDB-2D59-4C86-B909-11BA78E33EBE}.Debug|x86.Build.0 = Debug|x86
		{AB0F3EDB-2D59-4C86-B909-11BA78E33EBE}.Release|Any CPU.ActiveCfg = Release|Any CPU
		{AB0F3EDB-2D59-4C86-B909-11BA78E33EBE}.Release|Any CPU.Build.0 = Release|Any CPU
		{AB0F3EDB-2D59-4C86-B909-11BA78E33EBE}.Release|Mixed Platforms.ActiveCfg = Release|x86
		{AB0F3EDB-2D59-4C86-B909-11BA78E33EBE}.Release|Mixed Platforms.Build.0 = Release|x86
		{AB0F3EDB-2D59-4C86-B909-11BA78E33EBE}.Release|x64.ActiveCfg = Release|Any CPU
		{AB0F3EDB-2D59-4C86-B909-11BA78E33EBE}.Release|x86.ActiveCfg = Release|x86
		{AB0F3EDB-2D59-4C86-B909-11BA78E33EBE}.Release|x86.Build.0 = Release|x86
		{9BAF5FAF-5868-481D-917D-F9BA67823245}.Debug|Any CPU.ActiveCfg = Debug|Any CPU
		{9BAF5FAF-5868-481D-917D-F9BA67823245}.Debug|Any CPU.Build.0 = Debug|Any CPU
		{9BAF5FAF-5868-481D-917D-F9BA67823245}.Debug|Mixed Platforms.ActiveCfg = Debug|Any CPU
		{9BAF5FAF-5868-481D-917D-F9BA67823245}.Debug|Mixed Platforms.Build.0 = Debug|Any CPU
		{9BAF5FAF-5868-481D-917D-F9BA67823245}.Debug|x64.ActiveCfg = Debug|Any CPU
		{9BAF5FAF-5868-481D-917D-F9BA67823245}.Debug|x86.ActiveCfg = Debug|Any CPU
		{9BAF5FAF-5868-481D-917D-F9BA67823245}.Release|Any CPU.ActiveCfg = Release|Any CPU
		{9BAF5FAF-5868-481D-917D-F9BA67823245}.Release|Any CPU.Build.0 = Release|Any CPU
		{9BAF5FAF-5868-481D-917D-F9BA67823245}.Release|Mixed Platforms.ActiveCfg = Release|Any CPU
		{9BAF5FAF-5868-481D-917D-F9BA67823245}.Release|Mixed Platforms.Build.0 = Release|Any CPU
		{9BAF5FAF-5868-481D-917D-F9BA67823245}.Release|x64.ActiveCfg = Release|Any CPU
		{9BAF5FAF-5868-481D-917D-F9BA67823245}.Release|x86.ActiveCfg = Release|Any CPU
		{F06DBE35-1ECE-4CA2-A13A-7120E7FA92F3}.Debug|Any CPU.ActiveCfg = Debug|Any CPU
		{F06DBE35-1ECE-4CA2-A13A-7120E7FA92F3}.Debug|Any CPU.Build.0 = Debug|Any CPU
		{F06DBE35-1ECE-4CA2-A13A-7120E7FA92F3}.Debug|Mixed Platforms.ActiveCfg = Debug|Any CPU
		{F06DBE35-1ECE-4CA2-A13A-7120E7FA92F3}.Debug|Mixed Platforms.Build.0 = Debug|Any CPU
		{F06DBE35-1ECE-4CA2-A13A-7120E7FA92F3}.Debug|x64.ActiveCfg = Debug|Any CPU
		{F06DBE35-1ECE-4CA2-A13A-7120E7FA92F3}.Debug|x86.ActiveCfg = Debug|x86
		{F06DBE35-1ECE-4CA2-A13A-7120E7FA92F3}.Debug|x86.Build.0 = Debug|x86
		{F06DBE35-1ECE-4CA2-A13A-7120E7FA92F3}.Release|Any CPU.ActiveCfg = Release|Any CPU
		{F06DBE35-1ECE-4CA2-A13A-7120E7FA92F3}.Release|Any CPU.Build.0 = Release|Any CPU
		{F06DBE35-1ECE-4CA2-A13A-7120E7FA92F3}.Release|Mixed Platforms.ActiveCfg = Release|x86
		{F06DBE35-1ECE-4CA2-A13A-7120E7FA92F3}.Release|Mixed Platforms.Build.0 = Release|x86
		{F06DBE35-1ECE-4CA2-A13A-7120E7FA92F3}.Release|x64.ActiveCfg = Release|Any CPU
		{F06DBE35-1ECE-4CA2-A13A-7120E7FA92F3}.Release|x86.ActiveCfg = Release|x86
		{F06DBE35-1ECE-4CA2-A13A-7120E7FA92F3}.Release|x86.Build.0 = Release|x86
		{8D8A9CF6-6019-4651-BD37-4495783F1AD5}.Debug|Any CPU.ActiveCfg = Debug|Any CPU
		{8D8A9CF6-6019-4651-BD37-4495783F1AD5}.Debug|Any CPU.Build.0 = Debug|Any CPU
		{8D8A9CF6-6019-4651-BD37-4495783F1AD5}.Debug|Mixed Platforms.ActiveCfg = Debug|Any CPU
		{8D8A9CF6-6019-4651-BD37-4495783F1AD5}.Debug|Mixed Platforms.Build.0 = Debug|Any CPU
		{8D8A9CF6-6019-4651-BD37-4495783F1AD5}.Debug|x64.ActiveCfg = Debug|Any CPU
		{8D8A9CF6-6019-4651-BD37-4495783F1AD5}.Debug|x86.ActiveCfg = Debug|Any CPU
		{8D8A9CF6-6019-4651-BD37-4495783F1AD5}.Release|Any CPU.ActiveCfg = Release|Any CPU
		{8D8A9CF6-6019-4651-BD37-4495783F1AD5}.Release|Any CPU.Build.0 = Release|Any CPU
		{8D8A9CF6-6019-4651-BD37-4495783F1AD5}.Release|Mixed Platforms.ActiveCfg = Release|Any CPU
		{8D8A9CF6-6019-4651-BD37-4495783F1AD5}.Release|Mixed Platforms.Build.0 = Release|Any CPU
		{8D8A9CF6-6019-4651-BD37-4495783F1AD5}.Release|x64.ActiveCfg = Release|Any CPU
		{8D8A9CF6-6019-4651-BD37-4495783F1AD5}.Release|x86.ActiveCfg = Release|Any CPU
		{1E6EA790-A449-4AC5-887A-BF1D10BCDB52}.Debug|Any CPU.ActiveCfg = Debug|Any CPU
		{1E6EA790-A449-4AC5-887A-BF1D10BCDB52}.Debug|Any CPU.Build.0 = Debug|Any CPU
		{1E6EA790-A449-4AC5-887A-BF1D10BCDB52}.Debug|Mixed Platforms.ActiveCfg = Debug|Any CPU
		{1E6EA790-A449-4AC5-887A-BF1D10BCDB52}.Debug|Mixed Platforms.Build.0 = Debug|Any CPU
		{1E6EA790-A449-4AC5-887A-BF1D10BCDB52}.Debug|x64.ActiveCfg = Debug|Any CPU
		{1E6EA790-A449-4AC5-887A-BF1D10BCDB52}.Debug|x86.ActiveCfg = Debug|Any CPU
		{1E6EA790-A449-4AC5-887A-BF1D10BCDB52}.Release|Any CPU.ActiveCfg = Release|Any CPU
		{1E6EA790-A449-4AC5-887A-BF1D10BCDB52}.Release|Any CPU.Build.0 = Release|Any CPU
		{1E6EA790-A449-4AC5-887A-BF1D10BCDB52}.Release|Mixed Platforms.ActiveCfg = Release|Any CPU
		{1E6EA790-A449-4AC5-887A-BF1D10BCDB52}.Release|Mixed Platforms.Build.0 = Release|Any CPU
		{1E6EA790-A449-4AC5-887A-BF1D10BCDB52}.Release|x64.ActiveCfg = Release|Any CPU
		{1E6EA790-A449-4AC5-887A-BF1D10BCDB52}.Release|x86.ActiveCfg = Release|Any CPU
		{2763C545-8272-4336-A9C1-1B94534A8F1A}.Debug|Any CPU.ActiveCfg = Debug|Any CPU
		{2763C545-8272-4336-A9C1-1B94534A8F1A}.Debug|Any CPU.Build.0 = Debug|Any CPU
		{2763C545-8272-4336-A9C1-1B94534A8F1A}.Debug|Mixed Platforms.ActiveCfg = Debug|x86
		{2763C545-8272-4336-A9C1-1B94534A8F1A}.Debug|Mixed Platforms.Build.0 = Debug|x86
		{2763C545-8272-4336-A9C1-1B94534A8F1A}.Debug|x64.ActiveCfg = Debug|Any CPU
		{2763C545-8272-4336-A9C1-1B94534A8F1A}.Debug|x86.ActiveCfg = Debug|x86
		{2763C545-8272-4336-A9C1-1B94534A8F1A}.Debug|x86.Build.0 = Debug|x86
		{2763C545-8272-4336-A9C1-1B94534A8F1A}.Release|Any CPU.ActiveCfg = Release|Any CPU
		{2763C545-8272-4336-A9C1-1B94534A8F1A}.Release|Any CPU.Build.0 = Release|Any CPU
		{2763C545-8272-4336-A9C1-1B94534A8F1A}.Release|Mixed Platforms.ActiveCfg = Release|x86
		{2763C545-8272-4336-A9C1-1B94534A8F1A}.Release|Mixed Platforms.Build.0 = Release|x86
		{2763C545-8272-4336-A9C1-1B94534A8F1A}.Release|x64.ActiveCfg = Release|Any CPU
		{2763C545-8272-4336-A9C1-1B94534A8F1A}.Release|x86.ActiveCfg = Release|x86
		{2763C545-8272-4336-A9C1-1B94534A8F1A}.Release|x86.Build.0 = Release|x86
	EndGlobalSection
	GlobalSection(SolutionProperties) = preSolution
		HideSolutionNode = FALSE
	EndGlobalSection
EndGlobal
